// !$*UTF8*$!
{
	archiveVersion = 1;
	classes = {
	};
	objectVersion = 50;
	objects = {

/* Begin PBXBuildFile section */
		DC533457228DF322004D64C9 /* AppDelegate.swift in Sources */ = {isa = PBXBuildFile; fileRef = DC533456228DF322004D64C9 /* AppDelegate.swift */; };
		DC53345C228DF322004D64C9 /* Main.storyboard in Resources */ = {isa = PBXBuildFile; fileRef = DC53345A228DF322004D64C9 /* Main.storyboard */; };
		DC53345E228DF322004D64C9 /* Assets.xcassets in Resources */ = {isa = PBXBuildFile; fileRef = DC53345D228DF322004D64C9 /* Assets.xcassets */; };
		DC533461228DF322004D64C9 /* LaunchScreen.storyboard in Resources */ = {isa = PBXBuildFile; fileRef = DC53345F228DF322004D64C9 /* LaunchScreen.storyboard */; };
		DC53346A228DF4DD004D64C9 /* Representative.swift in Sources */ = {isa = PBXBuildFile; fileRef = DC533469228DF4DD004D64C9 /* Representative.swift */; };
		DC53346D228DF65C004D64C9 /* RepresentativeController.swift in Sources */ = {isa = PBXBuildFile; fileRef = DC53346C228DF65C004D64C9 /* RepresentativeController.swift */; };
		DC533470228DFA1D004D64C9 /* StateListTableViewController.swift in Sources */ = {isa = PBXBuildFile; fileRef = DC53346F228DFA1D004D64C9 /* StateListTableViewController.swift */; };
		DC533472228DFA2F004D64C9 /* RepresentativeListTableViewController.swift in Sources */ = {isa = PBXBuildFile; fileRef = DC533471228DFA2F004D64C9 /* RepresentativeListTableViewController.swift */; };
		DC533475228DFA59004D64C9 /* States.swift in Sources */ = {isa = PBXBuildFile; fileRef = DC533474228DFA59004D64C9 /* States.swift */; };
		DC533477228DFFDB004D64C9 /* RepresentativeTableViewCell.swift in Sources */ = {isa = PBXBuildFile; fileRef = DC533476228DFFDB004D64C9 /* RepresentativeTableViewCell.swift */; };
/* End PBXBuildFile section */

/* Begin PBXFileReference section */
		DC533453228DF322004D64C9 /* representativesWithAPI.app */ = {isa = PBXFileReference; explicitFileType = wrapper.application; includeInIndex = 0; path = representativesWithAPI.app; sourceTree = BUILT_PRODUCTS_DIR; };
		DC533456228DF322004D64C9 /* AppDelegate.swift */ = {isa = PBXFileReference; lastKnownFileType = sourcecode.swift; path = AppDelegate.swift; sourceTree = "<group>"; };
		DC53345B228DF322004D64C9 /* Base */ = {isa = PBXFileReference; lastKnownFileType = file.storyboard; name = Base; path = Base.lproj/Main.storyboard; sourceTree = "<group>"; };
		DC53345D228DF322004D64C9 /* Assets.xcassets */ = {isa = PBXFileReference; lastKnownFileType = folder.assetcatalog; path = Assets.xcassets; sourceTree = "<group>"; };
		DC533460228DF322004D64C9 /* Base */ = {isa = PBXFileReference; lastKnownFileType = file.storyboard; name = Base; path = Base.lproj/LaunchScreen.storyboard; sourceTree = "<group>"; };
		DC533462228DF322004D64C9 /* Info.plist */ = {isa = PBXFileReference; lastKnownFileType = text.plist.xml; path = Info.plist; sourceTree = "<group>"; };
		DC533469228DF4DD004D64C9 /* Representative.swift */ = {isa = PBXFileReference; lastKnownFileType = sourcecode.swift; path = Representative.swift; sourceTree = "<group>"; };
		DC53346C228DF65C004D64C9 /* RepresentativeController.swift */ = {isa = PBXFileReference; lastKnownFileType = sourcecode.swift; path = RepresentativeController.swift; sourceTree = "<group>"; };
		DC53346F228DFA1D004D64C9 /* StateListTableViewController.swift */ = {isa = PBXFileReference; lastKnownFileType = sourcecode.swift; path = StateListTableViewController.swift; sourceTree = "<group>"; };
		DC533471228DFA2F004D64C9 /* RepresentativeListTableViewController.swift */ = {isa = PBXFileReference; lastKnownFileType = sourcecode.swift; path = RepresentativeListTableViewController.swift; sourceTree = "<group>"; };
		DC533474228DFA59004D64C9 /* States.swift */ = {isa = PBXFileReference; lastKnownFileType = sourcecode.swift; path = States.swift; sourceTree = "<group>"; };
		DC533476228DFFDB004D64C9 /* RepresentativeTableViewCell.swift */ = {isa = PBXFileReference; lastKnownFileType = sourcecode.swift; path = RepresentativeTableViewCell.swift; sourceTree = "<group>"; };
/* End PBXFileReference section */

/* Begin PBXFrameworksBuildPhase section */
		DC533450228DF322004D64C9 /* Frameworks */ = {
			isa = PBXFrameworksBuildPhase;
			buildActionMask = 2147483647;
			files = (
			);
			runOnlyForDeploymentPostprocessing = 0;
		};
/* End PBXFrameworksBuildPhase section */

/* Begin PBXGroup section */
		DC53344A228DF322004D64C9 = {
			isa = PBXGroup;
			children = (
				DC533455228DF322004D64C9 /* representativesWithAPI */,
				DC533454228DF322004D64C9 /* Products */,
			);
			sourceTree = "<group>";
		};
		DC533454228DF322004D64C9 /* Products */ = {
			isa = PBXGroup;
			children = (
				DC533453228DF322004D64C9 /* representativesWithAPI.app */,
			);
			name = Products;
			sourceTree = "<group>";
		};
		DC533455228DF322004D64C9 /* representativesWithAPI */ = {
			isa = PBXGroup;
			children = (
				DC533468228DF337004D64C9 /* Resources */,
				DC53345A228DF322004D64C9 /* Main.storyboard */,
				DC53346B228DF64F004D64C9 /* Model */,
				DC53346E228DF65F004D64C9 /* Controller */,
				DC533473228DFA32004D64C9 /* Views */,
			);
			path = representativesWithAPI;
			sourceTree = "<group>";
		};
		DC533468228DF337004D64C9 /* Resources */ = {
			isa = PBXGroup;
			children = (
				DC533456228DF322004D64C9 /* AppDelegate.swift */,
				DC53345D228DF322004D64C9 /* Assets.xcassets */,
				DC53345F228DF322004D64C9 /* LaunchScreen.storyboard */,
				DC533462228DF322004D64C9 /* Info.plist */,
			);
			path = Resources;
			sourceTree = "<group>";
		};
		DC53346B228DF64F004D64C9 /* Model */ = {
			isa = PBXGroup;
			children = (
				DC533469228DF4DD004D64C9 /* Representative.swift */,
				DC533474228DFA59004D64C9 /* States.swift */,
			);
			path = Model;
			sourceTree = "<group>";
		};
		DC53346E228DF65F004D64C9 /* Controller */ = {
			isa = PBXGroup;
			children = (
				DC53346C228DF65C004D64C9 /* RepresentativeController.swift */,
				DC533476228DFFDB004D64C9 /* RepresentativeTableViewCell.swift */,
			);
			path = Controller;
			sourceTree = "<group>";
		};
		DC533473228DFA32004D64C9 /* Views */ = {
			isa = PBXGroup;
			children = (
				DC53346F228DFA1D004D64C9 /* StateListTableViewController.swift */,
				DC533471228DFA2F004D64C9 /* RepresentativeListTableViewController.swift */,
			);
			path = Views;
			sourceTree = "<group>";
		};
/* End PBXGroup section */

/* Begin PBXNativeTarget section */
		DC533452228DF322004D64C9 /* representativesWithAPI */ = {
			isa = PBXNativeTarget;
			buildConfigurationList = DC533465228DF322004D64C9 /* Build configuration list for PBXNativeTarget "representativesWithAPI" */;
			buildPhases = (
				DC53344F228DF322004D64C9 /* Sources */,
				DC533450228DF322004D64C9 /* Frameworks */,
				DC533451228DF322004D64C9 /* Resources */,
			);
			buildRules = (
			);
			dependencies = (
			);
			name = representativesWithAPI;
			productName = representativesWithAPI;
			productReference = DC533453228DF322004D64C9 /* representativesWithAPI.app */;
			productType = "com.apple.product-type.application";
		};
/* End PBXNativeTarget section */

/* Begin PBXProject section */
		DC53344B228DF322004D64C9 /* Project object */ = {
			isa = PBXProject;
			attributes = {
				LastSwiftUpdateCheck = 1020;
				LastUpgradeCheck = 1020;
				ORGANIZATIONNAME = DevMountain;
				TargetAttributes = {
					DC533452228DF322004D64C9 = {
						CreatedOnToolsVersion = 10.2.1;
					};
				};
			};
			buildConfigurationList = DC53344E228DF322004D64C9 /* Build configuration list for PBXProject "representativesWithAPI" */;
			compatibilityVersion = "Xcode 9.3";
			developmentRegion = en;
			hasScannedForEncodings = 0;
			knownRegions = (
				en,
				Base,
			);
			mainGroup = DC53344A228DF322004D64C9;
			productRefGroup = DC533454228DF322004D64C9 /* Products */;
			projectDirPath = "";
			projectRoot = "";
			targets = (
				DC533452228DF322004D64C9 /* representativesWithAPI */,
			);
		};
/* End PBXProject section */

/* Begin PBXResourcesBuildPhase section */
		DC533451228DF322004D64C9 /* Resources */ = {
			isa = PBXResourcesBuildPhase;
			buildActionMask = 2147483647;
			files = (
				DC533461228DF322004D64C9 /* LaunchScreen.storyboard in Resources */,
				DC53345E228DF322004D64C9 /* Assets.xcassets in Resources */,
				DC53345C228DF322004D64C9 /* Main.storyboard in Resources */,
			);
			runOnlyForDeploymentPostprocessing = 0;
		};
/* End PBXResourcesBuildPhase section */

/* Begin PBXSourcesBuildPhase section */
		DC53344F228DF322004D64C9 /* Sources */ = {
			isa = PBXSourcesBuildPhase;
			buildActionMask = 2147483647;
			files = (
				DC533477228DFFDB004D64C9 /* RepresentativeTableViewCell.swift in Sources */,
				DC533472228DFA2F004D64C9 /* RepresentativeListTableViewController.swift in Sources */,
				DC53346A228DF4DD004D64C9 /* Representative.swift in Sources */,
				DC533470228DFA1D004D64C9 /* StateListTableViewController.swift in Sources */,
				DC533475228DFA59004D64C9 /* States.swift in Sources */,
				DC53346D228DF65C004D64C9 /* RepresentativeController.swift in Sources */,
				DC533457228DF322004D64C9 /* AppDelegate.swift in Sources */,
			);
			runOnlyForDeploymentPostprocessing = 0;
		};
/* End PBXSourcesBuildPhase section */

/* Begin PBXVariantGroup section */
		DC53345A228DF322004D64C9 /* Main.storyboard */ = {
			isa = PBXVariantGroup;
			children = (
				DC53345B228DF322004D64C9 /* Base */,
			);
			name = Main.storyboard;
			sourceTree = "<group>";
		};
		DC53345F228DF322004D64C9 /* LaunchScreen.storyboard */ = {
			isa = PBXVariantGroup;
			children = (
				DC533460228DF322004D64C9 /* Base */,
			);
			name = LaunchScreen.storyboard;
			sourceTree = "<group>";
		};
/* End PBXVariantGroup section */

/* Begin XCBuildConfiguration section */
		DC533463228DF322004D64C9 /* Debug */ = {
			isa = XCBuildConfiguration;
			buildSettings = {
				ALWAYS_SEARCH_USER_PATHS = NO;
				CLANG_ANALYZER_NONNULL = YES;
				CLANG_ANALYZER_NUMBER_OBJECT_CONVERSION = YES_AGGRESSIVE;
				CLANG_CXX_LANGUAGE_STANDARD = "gnu++14";
				CLANG_CXX_LIBRARY = "libc++";
				CLANG_ENABLE_MODULES = YES;
				CLANG_ENABLE_OBJC_ARC = YES;
				CLANG_ENABLE_OBJC_WEAK = YES;
				CLANG_WARN_BLOCK_CAPTURE_AUTORELEASING = YES;
				CLANG_WARN_BOOL_CONVERSION = YES;
				CLANG_WARN_COMMA = YES;
				CLANG_WARN_CONSTANT_CONVERSION = YES;
				CLANG_WARN_DEPRECATED_OBJC_IMPLEMENTATIONS = YES;
				CLANG_WARN_DIRECT_OBJC_ISA_USAGE = YES_ERROR;
				CLANG_WARN_DOCUMENTATION_COMMENTS = YES;
				CLANG_WARN_EMPTY_BODY = YES;
				CLANG_WARN_ENUM_CONVERSION = YES;
				CLANG_WARN_INFINITE_RECURSION = YES;
				CLANG_WARN_INT_CONVERSION = YES;
				CLANG_WARN_NON_LITERAL_NULL_CONVERSION = YES;
				CLANG_WARN_OBJC_IMPLICIT_RETAIN_SELF = YES;
				CLANG_WARN_OBJC_LITERAL_CONVERSION = YES;
				CLANG_WARN_OBJC_ROOT_CLASS = YES_ERROR;
				CLANG_WARN_RANGE_LOOP_ANALYSIS = YES;
				CLANG_WARN_STRICT_PROTOTYPES = YES;
				CLANG_WARN_SUSPICIOUS_MOVE = YES;
				CLANG_WARN_UNGUARDED_AVAILABILITY = YES_AGGRESSIVE;
				CLANG_WARN_UNREACHABLE_CODE = YES;
				CLANG_WARN__DUPLICATE_METHOD_MATCH = YES;
				CODE_SIGN_IDENTITY = "iPhone Developer";
				COPY_PHASE_STRIP = NO;
				DEBUG_INFORMATION_FORMAT = dwarf;
				ENABLE_STRICT_OBJC_MSGSEND = YES;
				ENABLE_TESTABILITY = YES;
				GCC_C_LANGUAGE_STANDARD = gnu11;
				GCC_DYNAMIC_NO_PIC = NO;
				GCC_NO_COMMON_BLOCKS = YES;
				GCC_OPTIMIZATION_LEVEL = 0;
				GCC_PREPROCESSOR_DEFINITIONS = (
					"DEBUG=1",
					"$(inherited)",
				);
				GCC_WARN_64_TO_32_BIT_CONVERSION = YES;
				GCC_WARN_ABOUT_RETURN_TYPE = YES_ERROR;
				GCC_WARN_UNDECLARED_SELECTOR = YES;
				GCC_WARN_UNINITIALIZED_AUTOS = YES_AGGRESSIVE;
				GCC_WARN_UNUSED_FUNCTION = YES;
				GCC_WARN_UNUSED_VARIABLE = YES;
				IPHONEOS_DEPLOYMENT_TARGET = 12.2;
				MTL_ENABLE_DEBUG_INFO = INCLUDE_SOURCE;
				MTL_FAST_MATH = YES;
				ONLY_ACTIVE_ARCH = YES;
				SDKROOT = iphoneos;
				SWIFT_ACTIVE_COMPILATION_CONDITIONS = DEBUG;
				SWIFT_OPTIMIZATION_LEVEL = "-Onone";
			};
			name = Debug;
		};
		DC533464228DF322004D64C9 /* Release */ = {
			isa = XCBuildConfiguration;
			buildSettings = {
				ALWAYS_SEARCH_USER_PATHS = NO;
				CLANG_ANALYZER_NONNULL = YES;
				CLANG_ANALYZER_NUMBER_OBJECT_CONVERSION = YES_AGGRESSIVE;
				CLANG_CXX_LANGUAGE_STANDARD = "gnu++14";
				CLANG_CXX_LIBRARY = "libc++";
				CLANG_ENABLE_MODULES = YES;
				CLANG_ENABLE_OBJC_ARC = YES;
				CLANG_ENABLE_OBJC_WEAK = YES;
				CLANG_WARN_BLOCK_CAPTURE_AUTORELEASING = YES;
				CLANG_WARN_BOOL_CONVERSION = YES;
				CLANG_WARN_COMMA = YES;
				CLANG_WARN_CONSTANT_CONVERSION = YES;
				CLANG_WARN_DEPRECATED_OBJC_IMPLEMENTATIONS = YES;
				CLANG_WARN_DIRECT_OBJC_ISA_USAGE = YES_ERROR;
				CLANG_WARN_DOCUMENTATION_COMMENTS = YES;
				CLANG_WARN_EMPTY_BODY = YES;
				CLANG_WARN_ENUM_CONVERSION = YES;
				CLANG_WARN_INFINITE_RECURSION = YES;
				CLANG_WARN_INT_CONVERSION = YES;
				CLANG_WARN_NON_LITERAL_NULL_CONVERSION = YES;
				CLANG_WARN_OBJC_IMPLICIT_RETAIN_SELF = YES;
				CLANG_WARN_OBJC_LITERAL_CONVERSION = YES;
				CLANG_WARN_OBJC_ROOT_CLASS = YES_ERROR;
				CLANG_WARN_RANGE_LOOP_ANALYSIS = YES;
				CLANG_WARN_STRICT_PROTOTYPES = YES;
				CLANG_WARN_SUSPICIOUS_MOVE = YES;
				CLANG_WARN_UNGUARDED_AVAILABILITY = YES_AGGRESSIVE;
				CLANG_WARN_UNREACHABLE_CODE = YES;
				CLANG_WARN__DUPLICATE_METHOD_MATCH = YES;
				CODE_SIGN_IDENTITY = "iPhone Developer";
				COPY_PHASE_STRIP = NO;
				DEBUG_INFORMATION_FORMAT = "dwarf-with-dsym";
				ENABLE_NS_ASSERTIONS = NO;
				ENABLE_STRICT_OBJC_MSGSEND = YES;
				GCC_C_LANGUAGE_STANDARD = gnu11;
				GCC_NO_COMMON_BLOCKS = YES;
				GCC_WARN_64_TO_32_BIT_CONVERSION = YES;
				GCC_WARN_ABOUT_RETURN_TYPE = YES_ERROR;
				GCC_WARN_UNDECLARED_SELECTOR = YES;
				GCC_WARN_UNINITIALIZED_AUTOS = YES_AGGRESSIVE;
				GCC_WARN_UNUSED_FUNCTION = YES;
				GCC_WARN_UNUSED_VARIABLE = YES;
				IPHONEOS_DEPLOYMENT_TARGET = 12.2;
				MTL_ENABLE_DEBUG_INFO = NO;
				MTL_FAST_MATH = YES;
				SDKROOT = iphoneos;
				SWIFT_COMPILATION_MODE = wholemodule;
				SWIFT_OPTIMIZATION_LEVEL = "-O";
				VALIDATE_PRODUCT = YES;
			};
			name = Release;
		};
		DC533466228DF322004D64C9 /* Debug */ = {
			isa = XCBuildConfiguration;
			buildSettings = {
				ASSETCATALOG_COMPILER_APPICON_NAME = AppIcon;
				CODE_SIGN_STYLE = Automatic;
				DEVELOPMENT_TEAM = DT6NQCY8FM;
				INFOPLIST_FILE = "$(SRCROOT)/representativesWithAPI/Resources/Info.plist";
				LD_RUNPATH_SEARCH_PATHS = (
					"$(inherited)",
					"@executable_path/Frameworks",
				);
				PRODUCT_BUNDLE_IDENTIFIER = KadenDevMountain.representativesWithAPI;
				PRODUCT_NAME = "$(TARGET_NAME)";
				SWIFT_VERSION = 5.0;
				TARGETED_DEVICE_FAMILY = "1,2";
			};
			name = Debug;
		};
		DC533467228DF322004D64C9 /* Release */ = {
			isa = XCBuildConfiguration;
			buildSettings = {
				ASSETCATALOG_COMPILER_APPICON_NAME = AppIcon;
				CODE_SIGN_STYLE = Automatic;
				DEVELOPMENT_TEAM = DT6NQCY8FM;
				INFOPLIST_FILE = "$(SRCROOT)/representativesWithAPI/Resources/Info.plist";
				LD_RUNPATH_SEARCH_PATHS = (
					"$(inherited)",
					"@executable_path/Frameworks",
				);
				PRODUCT_BUNDLE_IDENTIFIER = KadenDevMountain.representativesWithAPI;
				PRODUCT_NAME = "$(TARGET_NAME)";
				SWIFT_VERSION = 5.0;
				TARGETED_DEVICE_FAMILY = "1,2";
			};
			name = Release;
		};
/* End XCBuildConfiguration section */

/* Begin XCConfigurationList section */
		DC53344E228DF322004D64C9 /* Build configuration list for PBXProject "representativesWithAPI" */ = {
			isa = XCConfigurationList;
			buildConfigurations = (
				DC533463228DF322004D64C9 /* Debug */,
				DC533464228DF322004D64C9 /* Release */,
			);
			defaultConfigurationIsVisible = 0;
			defaultConfigurationName = Release;
		};
		DC533465228DF322004D64C9 /* Build configuration list for PBXNativeTarget "representativesWithAPI" */ = {
			isa = XCConfigurationList;
			buildConfigurations = (
				DC533466228DF322004D64C9 /* Debug */,
				DC533467228DF322004D64C9 /* Release */,
			);
			defaultConfigurationIsVisible = 0;
			defaultConfigurationName = Release;
		};
/* End XCConfigurationList section */
	};
	rootObject = DC53344B228DF322004D64C9 /* Project object */;
}
